
Microsoft Visual Studio Solution File, Format Version 12.00
# Visual Studio Version 17
VisualStudioVersion = 17.14.37328.6
MinimumVisualStudioVersion = 10.0.40219.1
Project("{FAE04EC0-301F-11D3-BF4B-00C04F79EFBC}") = "P14R01_WFC_CDQV", "P14R01_WFC_CDQV.csproj", "{8FF30AAC-C6CE-40B0-B8DE-70BF2694A70E}"
EndProject
Project("{FAE04EC0-301F-11D3-BF4B-00C04F79EFBC}") = "ClienteWCF", "..\ClienteWCF\ClienteWCF.csproj", "{FE0DD46E-953E-405C-8F76-53BA73E640F3}"
	ProjectSection(ProjectDependencies) = postProject
		{8FF30AAC-C6CE-40B0-B8DE-70BF2694A70E} = {8FF30AAC-C6CE-40B0-B8DE-70BF2694A70E}
	EndProjectSection
EndProject
Project("{FAE04EC0-301F-11D3-BF4B-00C04F79EFBC}") = "CCRWcf", "..\CCRWcf\CCRWcf.csproj", "{C4E3E046-5EFD-4434-BD1C-E2162A9E5D35}"
EndProject
Project("{FAE04EC0-301F-11D3-BF4B-00C04F79EFBC}") = "ClienteCCRWcf", "..\ClienteCCRWcf\ClienteCCRWcf.csproj", "{2953B08C-C58A-4BE2-9FAA-4DC3BD8C9AFF}"
	ProjectSection(ProjectDependencies) = postProject
		{C4E3E046-5EFD-4434-BD1C-E2162A9E5D35} = {C4E3E046-5EFD-4434-BD1C-E2162A9E5D35}
	EndProjectSection
EndProject
Global
	GlobalSection(SolutionConfigurationPlatforms) = preSolution
		Debug|Any CPU = Debug|Any CPU
		Release|Any CPU = Release|Any CPU
	EndGlobalSection
	GlobalSection(ProjectConfigurationPlatforms) = postSolution
		{8FF30AAC-C6CE-40B0-B8DE-70BF2694A70E}.Debug|Any CPU.ActiveCfg = Debug|Any CPU
		{8FF30AAC-C6CE-40B0-B8DE-70BF2694A70E}.Debug|Any CPU.Build.0 = Debug|Any CPU
		{8FF30AAC-C6CE-40B0-B8DE-70BF2694A70E}.Release|Any CPU.ActiveCfg = Release|Any CPU
		{8FF30AAC-C6CE-40B0-B8DE-70BF2694A70E}.Release|Any CPU.Build.0 = Release|Any CPU
		{FE0DD46E-953E-405C-8F76-53BA73E640F3}.Debug|Any CPU.ActiveCfg = Debug|Any CPU
		{FE0DD46E-953E-405C-8F76-53BA73E640F3}.Debug|Any CPU.Build.0 = Debug|Any CPU
		{FE0DD46E-953E-405C-8F76-53BA73E640F3}.Release|Any CPU.ActiveCfg = Release|Any CPU
		{FE0DD46E-953E-405C-8F76-53BA73E640F3}.Release|Any CPU.Build.0 = Release|Any CPU
		{C4E3E046-5EFD-4434-BD1C-E2162A9E5D35}.Debug|Any CPU.ActiveCfg = Debug|Any CPU
		{C4E3E046-5EFD-4434-BD1C-E2162A9E5D35}.Debug|Any CPU.Build.0 = Debug|Any CPU
		{C4E3E046-5EFD-4434-BD1C-E2162A9E5D35}.Release|Any CPU.ActiveCfg = Release|Any CPU
		{C4E3E046-5EFD-4434-BD1C-E2162A9E5D35}.Release|Any CPU.Build.0 = Release|Any CPU
		{2953B08C-C58A-4BE2-9FAA-4DC3BD8C9AFF}.Debug|Any CPU.ActiveCfg = Debug|Any CPU
		{2953B08C-C58A-4BE2-9FAA-4DC3BD8C9AFF}.Debug|Any CPU.Build.0 = Debug|Any CPU
		{2953B08C-C58A-4BE2-9FAA-4DC3BD8C9AFF}.Release|Any CPU.ActiveCfg = Release|Any CPU
		{2953B08C-C58A-4BE2-9FAA-4DC3BD8C9AFF}.Release|Any CPU.Build.0 = Release|Any CPU
	EndGlobalSection
	GlobalSection(SolutionProperties) = preSolution
		HideSolutionNode = FALSE
	EndGlobalSection
	GlobalSection(ExtensibilityGlobals) = postSolution
		SolutionGuid = {179C5720-67DB-4D2A-A064-68FC9442542A}
	EndGlobalSection
EndGlobal
